
Microsoft Visual Studio Solution File, Format Version 12.00
# Visual Studio 15
VisualStudioVersion = 15.0.26730.15
MinimumVisualStudioVersion = 10.0.40219.1
Project("{9A19103F-16F7-4668-BE54-9A1E7A4F7556}") = "ZCStudio.FigureBed", "ZCStudio.FigureBed\ZCStudio.FigureBed.csproj", "{69292E3F-1E48-4811-8895-C17E698B671A}"
EndProject
Global
	GlobalSection(SolutionConfigurationPlatforms) = preSolution
		Debug|Any CPU = Debug|Any CPU
		Release|Any CPU = Release|Any CPU
	EndGlobalSection
	GlobalSection(ProjectConfigurationPlatforms) = postSolution
		{69292E3F-1E48-4811-8895-C17E698B671A}.Debug|Any CPU.ActiveCfg = Debug|Any CPU
		{69292E3F-1E48-4811-8895-C17E698B671A}.Debug|Any CPU.Build.0 = Debug|Any CPU
		{69292E3F-1E48-4811-8895-C17E698B671A}.Release|Any CPU.ActiveCfg = Release|Any CPU
		{69292E3F-1E48-4811-8895-C17E698B671A}.Release|Any CPU.Build.0 = Release|Any CPU
	EndGlobalSection
	GlobalSection(SolutionProperties) = preSolution
		HideSolutionNode = FALSE
	EndGlobalSection
	GlobalSection(ExtensibilityGlobals) = postSolution
		SolutionGuid = {3A11C778-3BE0-4FF3-96CD-198EC6940255}
	EndGlobalSection
EndGlobal
